
Microsoft Visual Studio Solution File, Format Version 12.00
# Visual Studio Version 16
VisualStudioVersion = 16.0.32106.194
MinimumVisualStudioVersion = 10.0.40219.1
Project("{FAE04EC0-301F-11D3-BF4B-00C04F79EFBC}") = "Projects Launcher", "Projects Launcher\Projects Launcher.csproj", "{8711558B-EED9-4815-8EA0-9111AF8C5161}"
EndProject
Global
	GlobalSection(SolutionConfigurationPlatforms) = preSolution
		Debug|Any CPU = Debug|Any CPU
		Release|Any CPU = Release|Any CPU
	EndGlobalSection
	GlobalSection(ProjectConfigurationPlatforms) = postSolution
		{8711558B-EED9-4815-8EA0-9111AF8C5161}.Debug|Any CPU.ActiveCfg = Debug|Any CPU
		{8711558B-EED9-4815-8EA0-9111AF8C5161}.Debug|Any CPU.Build.0 = Debug|Any CPU
		{8711558B-EED9-4815-8EA0-9111AF8C5161}.Release|Any CPU.ActiveCfg = Release|Any CPU
		{8711558B-EED9-4815-8EA0-9111AF8C5161}.Release|Any CPU.Build.0 = Release|Any CPU
	EndGlobalSection
	GlobalSection(SolutionProperties) = preSolution
		HideSolutionNode = FALSE
	EndGlobalSection
	GlobalSection(ExtensibilityGlobals) = postSolution
		SolutionGuid = {39705EB0-DC05-49A2-B034-9F667984C160}
	EndGlobalSection
EndGlobal
